
Microsoft Visual Studio Solution File, Format Version 12.00
# Visual Studio Version 16
VisualStudioVersion = 16.0.31129.286
MinimumVisualStudioVersion = 10.0.40219.1
Project("{FAE04EC0-301F-11D3-BF4B-00C04F79EFBC}") = "Lab2ex2", "Lab2ex2\Lab2ex2.csproj", "{99F29D3D-FDD9-4437-A1C8-5F1652AF44FE}"
EndProject
Project("{FAE04EC0-301F-11D3-BF4B-00C04F79EFBC}") = "TestProject1", "TestProject1\TestProject1.csproj", "{5C99B882-5AF6-40EE-ABB7-28F0F053571C}"
EndProject
Global
	GlobalSection(SolutionConfigurationPlatforms) = preSolution
		Debug|Any CPU = Debug|Any CPU
		Release|Any CPU = Release|Any CPU
	EndGlobalSection
	GlobalSection(ProjectConfigurationPlatforms) = postSolution
		{99F29D3D-FDD9-4437-A1C8-5F1652AF44FE}.Debug|Any CPU.ActiveCfg = Debug|Any CPU
		{99F29D3D-FDD9-4437-A1C8-5F1652AF44FE}.Debug|Any CPU.Build.0 = Debug|Any CPU
		{99F29D3D-FDD9-4437-A1C8-5F1652AF44FE}.Release|Any CPU.ActiveCfg = Release|Any CPU
		{99F29D3D-FDD9-4437-A1C8-5F1652AF44FE}.Release|Any CPU.Build.0 = Release|Any CPU
		{5C99B882-5AF6-40EE-ABB7-28F0F053571C}.Debug|Any CPU.ActiveCfg = Debug|Any CPU
		{5C99B882-5AF6-40EE-ABB7-28F0F053571C}.Debug|Any CPU.Build.0 = Debug|Any CPU
		{5C99B882-5AF6-40EE-ABB7-28F0F053571C}.Release|Any CPU.ActiveCfg = Release|Any CPU
		{5C99B882-5AF6-40EE-ABB7-28F0F053571C}.Release|Any CPU.Build.0 = Release|Any CPU
	EndGlobalSection
	GlobalSection(SolutionProperties) = preSolution
		HideSolutionNode = FALSE
	EndGlobalSection
	GlobalSection(ExtensibilityGlobals) = postSolution
		SolutionGuid = {F895ECBC-436F-477C-BCB2-7FA612AD097D}
	EndGlobalSection
EndGlobal
